
Microsoft Visual Studio Solution File, Format Version 12.00
# Visual Studio Version 16
VisualStudioVersion = 16.0.29609.76
MinimumVisualStudioVersion = 10.0.40219.1
Project("{FAE04EC0-301F-11D3-BF4B-00C04F79EFBC}") = "Lista_plikow_folderu", "Lista_plikow_folderu\Lista_plikow_folderu.csproj", "{BA164ADB-3DC3-47B5-8010-EE07F8617FC1}"
EndProject
Global
	GlobalSection(SolutionConfigurationPlatforms) = preSolution
		Debug|Any CPU = Debug|Any CPU
		Release|Any CPU = Release|Any CPU
	EndGlobalSection
	GlobalSection(ProjectConfigurationPlatforms) = postSolution
		{BA164ADB-3DC3-47B5-8010-EE07F8617FC1}.Debug|Any CPU.ActiveCfg = Debug|Any CPU
		{BA164ADB-3DC3-47B5-8010-EE07F8617FC1}.Debug|Any CPU.Build.0 = Debug|Any CPU
		{BA164ADB-3DC3-47B5-8010-EE07F8617FC1}.Release|Any CPU.ActiveCfg = Release|Any CPU
		{BA164ADB-3DC3-47B5-8010-EE07F8617FC1}.Release|Any CPU.Build.0 = Release|Any CPU
	EndGlobalSection
	GlobalSection(SolutionProperties) = preSolution
		HideSolutionNode = FALSE
	EndGlobalSection
	GlobalSection(ExtensibilityGlobals) = postSolution
		SolutionGuid = {847EFA07-AF05-4A99-957B-B339AE976BDC}
	EndGlobalSection
EndGlobal
